
Microsoft Visual Studio Solution File, Format Version 12.00
# Visual Studio Version 17
VisualStudioVersion = 17.9.34607.119
MinimumVisualStudioVersion = 10.0.40219.1
Project("{FAE04EC0-301F-11D3-BF4B-00C04F79EFBC}") = "CalculadoraDiaSemanaNacimiento", "CalculadoraDiaSemanaNacimiento\CalculadoraDiaSemanaNacimiento.csproj", "{90693942-8B13-4412-96FE-0872DEF9D053}"
EndProject
Global
	GlobalSection(SolutionConfigurationPlatforms) = preSolution
		Debug|Any CPU = Debug|Any CPU
		Release|Any CPU = Release|Any CPU
	EndGlobalSection
	GlobalSection(ProjectConfigurationPlatforms) = postSolution
		{90693942-8B13-4412-96FE-0872DEF9D053}.Debug|Any CPU.ActiveCfg = Debug|Any CPU
		{90693942-8B13-4412-96FE-0872DEF9D053}.Debug|Any CPU.Build.0 = Debug|Any CPU
		{90693942-8B13-4412-96FE-0872DEF9D053}.Release|Any CPU.ActiveCfg = Release|Any CPU
		{90693942-8B13-4412-96FE-0872DEF9D053}.Release|Any CPU.Build.0 = Release|Any CPU
	EndGlobalSection
	GlobalSection(SolutionProperties) = preSolution
		HideSolutionNode = FALSE
	EndGlobalSection
	GlobalSection(ExtensibilityGlobals) = postSolution
		SolutionGuid = {9EDA42FB-ADCB-4546-98A1-EBE8208F75C4}
	EndGlobalSection
EndGlobal
